
Microsoft Visual Studio Solution File, Format Version 12.00
# Visual Studio 15
VisualStudioVersion = 15.0.28307.102
MinimumVisualStudioVersion = 10.0.40219.1
Project("{151D2E53-A2C4-4D7D-83FE-D05416EBD58E}") = "SocialLogin", "SocialLogin\SocialLogin.deployproj", "{CA463E40-A42C-4F9E-AE22-E624F657107D}"
EndProject
Global
	GlobalSection(SolutionConfigurationPlatforms) = preSolution
		Debug|Any CPU = Debug|Any CPU
		Release|Any CPU = Release|Any CPU
	EndGlobalSection
	GlobalSection(ProjectConfigurationPlatforms) = postSolution
		{CA463E40-A42C-4F9E-AE22-E624F657107D}.Debug|Any CPU.ActiveCfg = Debug|Any CPU
		{CA463E40-A42C-4F9E-AE22-E624F657107D}.Debug|Any CPU.Build.0 = Debug|Any CPU
		{CA463E40-A42C-4F9E-AE22-E624F657107D}.Release|Any CPU.ActiveCfg = Release|Any CPU
		{CA463E40-A42C-4F9E-AE22-E624F657107D}.Release|Any CPU.Build.0 = Release|Any CPU
	EndGlobalSection
	GlobalSection(SolutionProperties) = preSolution
		HideSolutionNode = FALSE
	EndGlobalSection
	GlobalSection(ExtensibilityGlobals) = postSolution
		SolutionGuid = {503AE53F-98D6-40EB-816E-205967EC5DF0}
	EndGlobalSection
EndGlobal
